github.com/cheekybits/genny v1.0.0 h1:uGGa4nei+j20rOSeDeP5Of12XVm7TGUd4dJA9RDitfE=
github.com/cheekybits/genny v1.0.0/go.mod h1:+tQajlRqAUrPI7DOSpB0XAqZYtQakVtB7wXkRAgjxjQ=
github.com/elitenomad/godstructs v0.0.0-20211029124857-293be4d147d4 h1:+MoZWWn8pAy1ac28YeaTc+pZ8bEeOjd1zV0zhVaXvAM=
github.com/elitenomad/godstructs v0.0.0-20211029124857-293be4d147d4/go.mod h1:t7lvhBCvMFRUUp3B9pXrc00TgJL2YSLM35kTmhJpMNs=
